dependencies:
  espressif/cjson:
    component_hash: e788323270d90738662d66fffa910bfe1fba019bba087f01557e70c40485b469
    dependencies:
    - name: idf
      require: private
      version: '>=5.0'
    source:
      registry_url: https://components.espressif.com/
      type: service
    version: 1.7.19~2
  espressif/mqtt:
    component_hash: fb18bc3b65aa8c94693a9811ffc322cca8a65d92d5ec84983d3e385080e3969c
    dependencies:
    - name: idf
      require: private
      version: '>=5.3'
    source:
      registry_url: https://components.espressif.com/
      type: service
    version: 1.1.0
  idf:
    source:
      type: idf
    version: 6.0.2
direct_dependencies:
- espressif/cjson
- espressif/mqtt
- idf
manifest_hash: 47c6725fc24d326149f0465b171d63f9a13f1a97871eaf5edd455d4202a3ee94
target: esp32s3
version: 3.0.0
